hash: 3a3cf28164879eaab165be6dd33aefa61b1a95309df02f27e2026249e6a5f290
updated: 2019-06-07T10:19:11.199860317-07:00
imports:
- name: github.com/beorn7/perks
  version: 4b2b341e8d7715fae06375aa633dbb6e91b3fb46
  subpackages:
  - quantile
- name: github.com/confluentinc/confluent-kafka-go
  version: ecccefd9ca31c656bd33471dc0d9293fcf3de99b
  subpackages:
  - kafka
- name: github.com/go-logr/logr
  version: 9fb12b3b21c5415d16ac18dc5cd42c1cfdd40c4e
- name: github.com/go-logr/zapr
  version: 03f06a783fbb7dfaf3f629c7825480e43a7105e6
- name: github.com/golang/protobuf
  version: b285ee9cfc6c881bb20c0d8dc73370ea9b9ec90f
  subpackages:
  - proto
- name: github.com/matttproud/golang_protobuf_extensions
  version: c182affec369e30f25d3eb8cd8a478dee585ae7d
  subpackages:
  - pbutil
- name: github.com/nu7hatch/gouuid
  version: 179d4d0c4d8d407a32af483c2354df1d2c91e6c3
- name: github.com/prometheus/client_golang
  version: 2641b987480bca71fb39738eb8c8b0d577cb1d76
  subpackages:
  - prometheus
  - prometheus/internal
  - prometheus/promauto
  - prometheus/promhttp
- name: github.com/prometheus/client_model
  version: fd36f4220a901265f90734c3183c5f0c91daa0b8
  subpackages:
  - go
- name: github.com/prometheus/common
  version: 17f5ca1748182ddf24fc33a5a7caaaf790a52fcc
  subpackages:
  - expfmt
  - internal/bitbucket.org/ww/goautoneg
  - model
- name: github.com/prometheus/procfs
  version: 1de2bc567d78f4ff415fd103412f7e5ec9e8876b
  subpackages:
  - internal/fs
- name: github.com/radovskyb/watcher
  version: d8b41ca2397a9b5cfc26adb10edbbcde40187a87
- name: go.uber.org/atomic
  version: df976f2515e274675050de7b3f42545de80594fd
- name: go.uber.org/multierr
  version: 3c4937480c32f4c13a875a1829af76c98ca3d40a
- name: go.uber.org/zap
  version: 27376062155ad36be76b0f12cf1572a221d3a48c
  subpackages:
  - buffer
  - internal/bufferpool
  - internal/color
  - internal/exit
  - zapcore
testImports: []
